// !$*UTF8*$!
{
	archiveVersion = 1;
	classes = {
	};
	objectVersion = 55;
	objects = {

/* Begin PBXBuildFile section */
		C316B12E280814C7001EB344 /* HomeTabsController.swift in Sources */ = {isa = PBXBuildFile; fileRef = C316B12D280814C7001EB344 /* HomeTabsController.swift */; };
		C316B1312808199E001EB344 /* ProfileViewController.swift in Sources */ = {isa = PBXBuildFile; fileRef = C316B12F2808199E001EB344 /* ProfileViewController.swift */; };
		C316B1322808199E001EB344 /* ProfileViewController.xib in Resources */ = {isa = PBXBuildFile; fileRef = C316B1302808199E001EB344 /* ProfileViewController.xib */; };
		C3506C812808A0B600691BC4 /* ChangePasswordViewController.swift in Sources */ = {isa = PBXBuildFile; fileRef = C3506C7F2808A0B600691BC4 /* ChangePasswordViewController.swift */; };
		C3506C822808A0B600691BC4 /* ChangePasswordViewController.xib in Resources */ = {isa = PBXBuildFile; fileRef = C3506C802808A0B600691BC4 /* ChangePasswordViewController.xib */; };
		E8D2A880280A400500B60D31 /* IntropageViewController.swift in Sources */ = {isa = PBXBuildFile; fileRef = E8D2A87E280A400500B60D31 /* IntropageViewController.swift */; };
		E8D2A884280A40AD00B60D31 /* GrouppageViewController.swift in Sources */ = {isa = PBXBuildFile; fileRef = E8D2A882280A40AD00B60D31 /* GrouppageViewController.swift */; };
		E8D2A885280A40AD00B60D31 /* GrouppageViewController.xib in Resources */ = {isa = PBXBuildFile; fileRef = E8D2A883280A40AD00B60D31 /* GrouppageViewController.xib */; };
		E8D2A888280A412B00B60D31 /* JoingroupViewController.swift in Sources */ = {isa = PBXBuildFile; fileRef = E8D2A886280A412B00B60D31 /* JoingroupViewController.swift */; };
		E8D2A889280A412B00B60D31 /* JoingroupViewController.xib in Resources */ = {isa = PBXBuildFile; fileRef = E8D2A887280A412B00B60D31 /* JoingroupViewController.xib */; };
		E8D2A88C280A414100B60D31 /* PersonalpageViewController.swift in Sources */ = {isa = PBXBuildFile; fileRef = E8D2A88A280A414100B60D31 /* PersonalpageViewController.swift */; };
		E8D2A88D280A414100B60D31 /* PersonalpageViewController.xib in Resources */ = {isa = PBXBuildFile; fileRef = E8D2A88B280A414100B60D31 /* PersonalpageViewController.xib */; };
		E8D2A890280A43D100B60D31 /* TemplateViewController.swift in Sources */ = {isa = PBXBuildFile; fileRef = E8D2A88E280A43D100B60D31 /* TemplateViewController.swift */; };
		E8D2A891280A43D100B60D31 /* TemplateViewController.xib in Resources */ = {isa = PBXBuildFile; fileRef = E8D2A88F280A43D100B60D31 /* TemplateViewController.xib */; };
		E8D2A894280A43E500B60D31 /* TemplateinfoViewController.swift in Sources */ = {isa = PBXBuildFile; fileRef = E8D2A892280A43E500B60D31 /* TemplateinfoViewController.swift */; };
		E8D2A895280A43E500B60D31 /* TemplateinfoViewController.xib in Resources */ = {isa = PBXBuildFile; fileRef = E8D2A893280A43E500B60D31 /* TemplateinfoViewController.xib */; };
		E8D2A898280A4E8100B60D31 /* FirebaseAnalytics in Frameworks */ = {isa = PBXBuildFile; productRef = E8D2A897280A4E8100B60D31 /* FirebaseAnalytics */; };
		E8D2A89A280A4E8100B60D31 /* FirebaseAnalyticsSwift-Beta in Frameworks */ = {isa = PBXBuildFile; productRef = E8D2A899280A4E8100B60D31 /* FirebaseAnalyticsSwift-Beta */; };
		E8D2A89C280A4E8100B60D31 /* FirebaseAnalyticsWithoutAdIdSupport in Frameworks */ = {isa = PBXBuildFile; productRef = E8D2A89B280A4E8100B60D31 /* FirebaseAnalyticsWithoutAdIdSupport */; };
		E8D2A89E280A4E8100B60D31 /* FirebaseAuth in Frameworks */ = {isa = PBXBuildFile; productRef = E8D2A89D280A4E8100B60D31 /* FirebaseAuth */; };
		E8D2A8A0280A4E8100B60D31 /* FirebaseDatabase in Frameworks */ = {isa = PBXBuildFile; productRef = E8D2A89F280A4E8100B60D31 /* FirebaseDatabase */; };
		E8D2A8A2280A4E8100B60D31 /* FirebaseDatabaseSwift-Beta in Frameworks */ = {isa = PBXBuildFile; productRef = E8D2A8A1280A4E8100B60D31 /* FirebaseDatabaseSwift-Beta */; };
		E8D2A8A4280A4E8100B60D31 /* FirebaseDynamicLinks in Frameworks */ = {isa = PBXBuildFile; productRef = E8D2A8A3280A4E8100B60D31 /* FirebaseDynamicLinks */; };
		E8D2A8A6280A4E8100B60D31 /* FirebaseFirestore in Frameworks */ = {isa = PBXBuildFile; productRef = E8D2A8A5280A4E8100B60D31 /* FirebaseFirestore */; };
		E8D2A8A8280A4E8100B60D31 /* FirebaseFirestoreCombine-Community in Frameworks */ = {isa = PBXBuildFile; productRef = E8D2A8A7280A4E8100B60D31 /* FirebaseFirestoreCombine-Community */; };
		E8D2A8AA280A4E8100B60D31 /* FirebaseFirestoreSwift-Beta in Frameworks */ = {isa = PBXBuildFile; productRef = E8D2A8A9280A4E8100B60D31 /* FirebaseFirestoreSwift-Beta */; };
		E8D2A8AC280A4E8100B60D31 /* FirebaseStorage in Frameworks */ = {isa = PBXBuildFile; productRef = E8D2A8AB280A4E8100B60D31 /* FirebaseStorage */; };
		E8D2A8AE280A4E8100B60D31 /* FirebaseStorageCombine-Community in Frameworks */ = {isa = PBXBuildFile; productRef = E8D2A8AD280A4E8100B60D31 /* FirebaseStorageCombine-Community */; };
		E8D2A8B0280A4E8100B60D31 /* FirebaseStorageSwift-Beta in Frameworks */ = {isa = PBXBuildFile; productRef = E8D2A8AF280A4E8100B60D31 /* FirebaseStorageSwift-Beta */; };
		FA12C76927E4F6CF00798941 /* AppDelegate.swift in Sources */ = {isa = PBXBuildFile; fileRef = FA12C76827E4F6CF00798941 /* AppDelegate.swift */; };
		FA12C76B27E4F6CF00798941 /* SceneDelegate.swift in Sources */ = {isa = PBXBuildFile; fileRef = FA12C76A27E4F6CF00798941 /* SceneDelegate.swift */; };
		FA12C76D27E4F6CF00798941 /* ViewController.swift in Sources */ = {isa = PBXBuildFile; fileRef = FA12C76C27E4F6CF00798941 /* ViewController.swift */; };
		FA12C77027E4F6CF00798941 /* Main.storyboard in Resources */ = {isa = PBXBuildFile; fileRef = FA12C76E27E4F6CF00798941 /* Main.storyboard */; };
		FA12C77227E4F6CF00798941 /* Assets.xcassets in Resources */ = {isa = PBXBuildFile; fileRef = FA12C77127E4F6CF00798941 /* Assets.xcassets */; };
		FA12C77527E4F6CF00798941 /* LaunchScreen.storyboard in Resources */ = {isa = PBXBuildFile; fileRef = FA12C77327E4F6CF00798941 /* LaunchScreen.storyboard */; };
		FA5C8FC627FF8ED10074BC3A /* FirstPaperViewController.swift in Sources */ = {isa = PBXBuildFile; fileRef = FA5C8FC427FF8ED10074BC3A /* FirstPaperViewController.swift */; };
		FA5C8FC727FF8ED10074BC3A /* FirstPaperViewController.xib in Resources */ = {isa = PBXBuildFile; fileRef = FA5C8FC527FF8ED10074BC3A /* FirstPaperViewController.xib */; };
		FA5C8FCC27FF906F0074BC3A /* SecondPaperListViewController.swift in Sources */ = {isa = PBXBuildFile; fileRef = FA5C8FCA27FF906F0074BC3A /* SecondPaperListViewController.swift */; };
		FA5C8FCD27FF906F0074BC3A /* SecondPaperListViewController.xib in Resources */ = {isa = PBXBuildFile; fileRef = FA5C8FCB27FF906F0074BC3A /* SecondPaperListViewController.xib */; };
		FA5C8FCF27FF91120074BC3A /* SecondPaperList.swift in Sources */ = {isa = PBXBuildFile; fileRef = FA5C8FCE27FF91120074BC3A /* SecondPaperList.swift */; };
		FA5C8FD627FF924B0074BC3A /* SecondPaperListTableViewCell.swift in Sources */ = {isa = PBXBuildFile; fileRef = FA5C8FD427FF924B0074BC3A /* SecondPaperListTableViewCell.swift */; };
		FA5C8FD727FF924B0074BC3A /* SecondPaperListTableViewCell.xib in Resources */ = {isa = PBXBuildFile; fileRef = FA5C8FD527FF924B0074BC3A /* SecondPaperListTableViewCell.xib */; };
		FA5C8FD927FF94FD0074BC3A /* MergeFiles.swift in Sources */ = {isa = PBXBuildFile; fileRef = FA5C8FD827FF94FD0074BC3A /* MergeFiles.swift */; };
		FA5C8FE427FF977F0074BC3A /* SecondPaperViewController.swift in Sources */ = {isa = PBXBuildFile; fileRef = FA5C8FE227FF977F0074BC3A /* SecondPaperViewController.swift */; };
		FA5C8FE527FF977F0074BC3A /* SecondPaperViewController.xib in Resources */ = {isa = PBXBuildFile; fileRef = FA5C8FE327FF977F0074BC3A /* SecondPaperViewController.xib */; };
		FA5C8FE827FF99730074BC3A /* RegisterViewController.swift in Sources */ = {isa = PBXBuildFile; fileRef = FA5C8FE627FF99730074BC3A /* RegisterViewController.swift */; };
		FA5C8FE927FF99730074BC3A /* RegisterViewController.xib in Resources */ = {isa = PBXBuildFile; fileRef = FA5C8FE727FF99730074BC3A /* RegisterViewController.xib */; };
		FABBEE4B28076C4F005F0199 /* ResultViewController.swift in Sources */ = {isa = PBXBuildFile; fileRef = FABBEE4928076C4F005F0199 /* ResultViewController.swift */; };
		FABBEE4C28076C4F005F0199 /* ResultViewController.xib in Resources */ = {isa = PBXBuildFile; fileRef = FABBEE4A28076C4F005F0199 /* ResultViewController.xib */; };
/* End PBXBuildFile section */

/* Begin PBXFileReference section */
		C316B12D280814C7001EB344 /* HomeTabsController.swift */ = {isa = PBXFileReference; lastKnownFileType = sourcecode.swift; path = HomeTabsController.swift; sourceTree = "<group>"; };
		C316B12F2808199E001EB344 /* ProfileViewController.swift */ = {isa = PBXFileReference; lastKnownFileType = sourcecode.swift; path = ProfileViewController.swift; sourceTree = "<group>"; };
		C316B1302808199E001EB344 /* ProfileViewController.xib */ = {isa = PBXFileReference; lastKnownFileType = file.xib; path = ProfileViewController.xib; sourceTree = "<group>"; };
		C3506C7F2808A0B600691BC4 /* ChangePasswordViewController.swift */ = {isa = PBXFileReference; lastKnownFileType = sourcecode.swift; path = ChangePasswordViewController.swift; sourceTree = "<group>"; };
		C3506C802808A0B600691BC4 /* ChangePasswordViewController.xib */ = {isa = PBXFileReference; lastKnownFileType = file.xib; path = ChangePasswordViewController.xib; sourceTree = "<group>"; };
		E8D2A87E280A400500B60D31 /* IntropageViewController.swift */ = {isa = PBXFileReference; lastKnownFileType = sourcecode.swift; path = IntropageViewController.swift; sourceTree = "<group>"; };
		E8D2A882280A40AD00B60D31 /* GrouppageViewController.swift */ = {isa = PBXFileReference; lastKnownFileType = sourcecode.swift; path = GrouppageViewController.swift; sourceTree = "<group>"; };
		E8D2A883280A40AD00B60D31 /* GrouppageViewController.xib */ = {isa = PBXFileReference; lastKnownFileType = file.xib; path = GrouppageViewController.xib; sourceTree = "<group>"; };
		E8D2A886280A412B00B60D31 /* JoingroupViewController.swift */ = {isa = PBXFileReference; lastKnownFileType = sourcecode.swift; path = JoingroupViewController.swift; sourceTree = "<group>"; };
		E8D2A887280A412B00B60D31 /* JoingroupViewController.xib */ = {isa = PBXFileReference; lastKnownFileType = file.xib; path = JoingroupViewController.xib; sourceTree = "<group>"; };
		E8D2A88A280A414100B60D31 /* PersonalpageViewController.swift */ = {isa = PBXFileReference; lastKnownFileType = sourcecode.swift; path = PersonalpageViewController.swift; sourceTree = "<group>"; };
		E8D2A88B280A414100B60D31 /* PersonalpageViewController.xib */ = {isa = PBXFileReference; lastKnownFileType = file.xib; path = PersonalpageViewController.xib; sourceTree = "<group>"; };
		E8D2A88E280A43D100B60D31 /* TemplateViewController.swift */ = {isa = PBXFileReference; lastKnownFileType = sourcecode.swift; path = TemplateViewController.swift; sourceTree = "<group>"; };
		E8D2A88F280A43D100B60D31 /* TemplateViewController.xib */ = {isa = PBXFileReference; lastKnownFileType = file.xib; path = TemplateViewController.xib; sourceTree = "<group>"; };
		E8D2A892280A43E500B60D31 /* TemplateinfoViewController.swift */ = {isa = PBXFileReference; lastKnownFileType = sourcecode.swift; path = TemplateinfoViewController.swift; sourceTree = "<group>"; };
		E8D2A893280A43E500B60D31 /* TemplateinfoViewController.xib */ = {isa = PBXFileReference; lastKnownFileType = file.xib; path = TemplateinfoViewController.xib; sourceTree = "<group>"; };
		FA12C76527E4F6CF00798941 /* CapstoneProject.app */ = {isa = PBXFileReference; explicitFileType = wrapper.application; includeInIndex = 0; path = CapstoneProject.app; sourceTree = BUILT_PRODUCTS_DIR; };
		FA12C76827E4F6CF00798941 /* AppDelegate.swift */ = {isa = PBXFileReference; lastKnownFileType = sourcecode.swift; path = AppDelegate.swift; sourceTree = "<group>"; };
		FA12C76A27E4F6CF00798941 /* SceneDelegate.swift */ = {isa = PBXFileReference; lastKnownFileType = sourcecode.swift; path = SceneDelegate.swift; sourceTree = "<group>"; };
		FA12C76C27E4F6CF00798941 /* ViewController.swift */ = {isa = PBXFileReference; lastKnownFileType = sourcecode.swift; path = ViewController.swift; sourceTree = "<group>"; };
		FA12C76F27E4F6CF00798941 /* Base */ = {isa = PBXFileReference; lastKnownFileType = file.storyboard; name = Base; path = Base.lproj/Main.storyboard; sourceTree = "<group>"; };
		FA12C77127E4F6CF00798941 /* Assets.xcassets */ = {isa = PBXFileReference; lastKnownFileType = folder.assetcatalog; path = Assets.xcassets; sourceTree = "<group>"; };
		FA12C77427E4F6CF00798941 /* Base */ = {isa = PBXFileReference; lastKnownFileType = file.storyboard; name = Base; path = Base.lproj/LaunchScreen.storyboard; sourceTree = "<group>"; };
		FA12C77627E4F6CF00798941 /* Info.plist */ = {isa = PBXFileReference; lastKnownFileType = text.plist.xml; path = Info.plist; sourceTree = "<group>"; };
		FA5C8FC427FF8ED10074BC3A /* FirstPaperViewController.swift */ = {isa = PBXFileReference; lastKnownFileType = sourcecode.swift; path = FirstPaperViewController.swift; sourceTree = "<group>"; };
		FA5C8FC527FF8ED10074BC3A /* FirstPaperViewController.xib */ = {isa = PBXFileReference; lastKnownFileType = file.xib; path = FirstPaperViewController.xib; sourceTree = "<group>"; };
		FA5C8FCA27FF906F0074BC3A /* SecondPaperListViewController.swift */ = {isa = PBXFileReference; lastKnownFileType = sourcecode.swift; path = SecondPaperListViewController.swift; sourceTree = "<group>"; };
		FA5C8FCB27FF906F0074BC3A /* SecondPaperListViewController.xib */ = {isa = PBXFileReference; lastKnownFileType = file.xib; path = SecondPaperListViewController.xib; sourceTree = "<group>"; };
		FA5C8FCE27FF91120074BC3A /* SecondPaperList.swift */ = {isa = PBXFileReference; lastKnownFileType = sourcecode.swift; path = SecondPaperList.swift; sourceTree = "<group>"; };
		FA5C8FD427FF924B0074BC3A /* SecondPaperListTableViewCell.swift */ = {isa = PBXFileReference; lastKnownFileType = sourcecode.swift; path = SecondPaperListTableViewCell.swift; sourceTree = "<group>"; };
		FA5C8FD527FF924B0074BC3A /* SecondPaperListTableViewCell.xib */ = {isa = PBXFileReference; lastKnownFileType = file.xib; path = SecondPaperListTableViewCell.xib; sourceTree = "<group>"; };
		FA5C8FD827FF94FD0074BC3A /* MergeFiles.swift */ = {isa = PBXFileReference; lastKnownFileType = sourcecode.swift; path = MergeFiles.swift; sourceTree = "<group>"; };
		FA5C8FE227FF977F0074BC3A /* SecondPaperViewController.swift */ = {isa = PBXFileReference; lastKnownFileType = sourcecode.swift; path = SecondPaperViewController.swift; sourceTree = "<group>"; };
		FA5C8FE327FF977F0074BC3A /* SecondPaperViewController.xib */ = {isa = PBXFileReference; lastKnownFileType = file.xib; path = SecondPaperViewController.xib; sourceTree = "<group>"; };
		FA5C8FE627FF99730074BC3A /* RegisterViewController.swift */ = {isa = PBXFileReference; lastKnownFileType = sourcecode.swift; path = RegisterViewController.swift; sourceTree = "<group>"; };
		FA5C8FE727FF99730074BC3A /* RegisterViewController.xib */ = {isa = PBXFileReference; lastKnownFileType = file.xib; path = RegisterViewController.xib; sourceTree = "<group>"; };
		FABBEE4928076C4F005F0199 /* ResultViewController.swift */ = {isa = PBXFileReference; lastKnownFileType = sourcecode.swift; path = ResultViewController.swift; sourceTree = "<group>"; };
		FABBEE4A28076C4F005F0199 /* ResultViewController.xib */ = {isa = PBXFileReference; lastKnownFileType = file.xib; path = ResultViewController.xib; sourceTree = "<group>"; };
/* End PBXFileReference section */

/* Begin PBXFrameworksBuildPhase section */
		FA12C76227E4F6CF00798941 /* Frameworks */ = {
			isa = PBXFrameworksBuildPhase;
			buildActionMask = 2147483647;
			files = (
				E8D2A8A2280A4E8100B60D31 /* FirebaseDatabaseSwift-Beta in Frameworks */,
				E8D2A8A0280A4E8100B60D31 /* FirebaseDatabase in Frameworks */,
				E8D2A89A280A4E8100B60D31 /* FirebaseAnalyticsSwift-Beta in Frameworks */,
				E8D2A8A8280A4E8100B60D31 /* FirebaseFirestoreCombine-Community in Frameworks */,
				E8D2A89C280A4E8100B60D31 /* FirebaseAnalyticsWithoutAdIdSupport in Frameworks */,
				E8D2A898280A4E8100B60D31 /* FirebaseAnalytics in Frameworks */,
				E8D2A8A6280A4E8100B60D31 /* FirebaseFirestore in Frameworks */,
				E8D2A8B0280A4E8100B60D31 /* FirebaseStorageSwift-Beta in Frameworks */,
				E8D2A8AA280A4E8100B60D31 /* FirebaseFirestoreSwift-Beta in Frameworks */,
				E8D2A8AC280A4E8100B60D31 /* FirebaseStorage in Frameworks */,
				E8D2A8A4280A4E8100B60D31 /* FirebaseDynamicLinks in Frameworks */,
				E8D2A8AE280A4E8100B60D31 /* FirebaseStorageCombine-Community in Frameworks */,
				E8D2A89E280A4E8100B60D31 /* FirebaseAuth in Frameworks */,
			);
			runOnlyForDeploymentPostprocessing = 0;
		};
/* End PBXFrameworksBuildPhase section */

/* Begin PBXGroup section */
		FA12C75C27E4F6CF00798941 = {
			isa = PBXGroup;
			children = (
				FA12C76727E4F6CF00798941 /* CapstoneProject */,
				FA12C76627E4F6CF00798941 /* Products */,
			);
			sourceTree = "<group>";
		};
		FA12C76627E4F6CF00798941 /* Products */ = {
			isa = PBXGroup;
			children = (
				FA12C76527E4F6CF00798941 /* CapstoneProject.app */,
			);
			name = Products;
			sourceTree = "<group>";
		};
		FA12C76727E4F6CF00798941 /* CapstoneProject */ = {
			isa = PBXGroup;
			children = (
				FA376E4727E7ECBE005C5C97 /* Helpers */,
				FA12C77C27E4F71B00798941 /* Models */,
				FA12C77D27E4F72400798941 /* Views */,
				FA12C77E27E4F73200798941 /* Controllers */,
				FA12C77F27E4F73B00798941 /* SupportingFiles */,
			);
			path = CapstoneProject;
			sourceTree = "<group>";
		};
		FA12C77C27E4F71B00798941 /* Models */ = {
			isa = PBXGroup;
			children = (
				FA5C8FCE27FF91120074BC3A /* SecondPaperList.swift */,
			);
			name = Models;
			sourceTree = "<group>";
		};
		FA12C77D27E4F72400798941 /* Views */ = {
			isa = PBXGroup;
			children = (
				FA12C77327E4F6CF00798941 /* LaunchScreen.storyboard */,
				FA376E4B27E7EDE7005C5C97 /* Storyboards */,
				FA12C78227E4F7D500798941 /* TableViews */,
				FA12C78027E4F7A000798941 /* TableViewCells */,
			);
			name = Views;
			sourceTree = "<group>";
		};
		FA12C77E27E4F73200798941 /* Controllers */ = {
			isa = PBXGroup;
			children = (
				FA12C76C27E4F6CF00798941 /* ViewController.swift */,
				E8D2A87E280A400500B60D31 /* IntropageViewController.swift */,
				C316B12D280814C7001EB344 /* HomeTabsController.swift */,
				C316B12F2808199E001EB344 /* ProfileViewController.swift */,
				E8D2A882280A40AD00B60D31 /* GrouppageViewController.swift */,
				E8D2A886280A412B00B60D31 /* JoingroupViewController.swift */,
				E8D2A88A280A414100B60D31 /* PersonalpageViewController.swift */,
				E8D2A892280A43E500B60D31 /* TemplateinfoViewController.swift */,
				E8D2A88E280A43D100B60D31 /* TemplateViewController.swift */,
				FA12C78327E4F7F100798941 /* TableViewControllers */,
				FA12C78127E4F7AE00798941 /* TableViewCellControllers */,
				C3506C7F2808A0B600691BC4 /* ChangePasswordViewController.swift */,
			);
			name = Controllers;
			sourceTree = "<group>";
		};
		FA12C77F27E4F73B00798941 /* SupportingFiles */ = {
			isa = PBXGroup;
			children = (
				FA12C77627E4F6CF00798941 /* Info.plist */,
				FA12C77127E4F6CF00798941 /* Assets.xcassets */,
				FA12C76A27E4F6CF00798941 /* SceneDelegate.swift */,
				FA12C76827E4F6CF00798941 /* AppDelegate.swift */,
			);
			name = SupportingFiles;
			sourceTree = "<group>";
		};
		FA12C78027E4F7A000798941 /* TableViewCells */ = {
			isa = PBXGroup;
			children = (
				FA5C8FD527FF924B0074BC3A /* SecondPaperListTableViewCell.xib */,
			);
			name = TableViewCells;
			sourceTree = "<group>";
		};
		FA12C78127E4F7AE00798941 /* TableViewCellControllers */ = {
			isa = PBXGroup;
			children = (
				FA5C8FD427FF924B0074BC3A /* SecondPaperListTableViewCell.swift */,
			);
			name = TableViewCellControllers;
			sourceTree = "<group>";
		};
		FA12C78227E4F7D500798941 /* TableViews */ = {
			isa = PBXGroup;
			children = (
				FA5C8FE727FF99730074BC3A /* RegisterViewController.xib */,
				FA5C8FC527FF8ED10074BC3A /* FirstPaperViewController.xib */,
				FA5C8FCB27FF906F0074BC3A /* SecondPaperListViewController.xib */,
				FA5C8FE327FF977F0074BC3A /* SecondPaperViewController.xib */,
				FABBEE4A28076C4F005F0199 /* ResultViewController.xib */,
			);
			name = TableViews;
			sourceTree = "<group>";
		};
		FA12C78327E4F7F100798941 /* TableViewControllers */ = {
			isa = PBXGroup;
			children = (
				FA5C8FE627FF99730074BC3A /* RegisterViewController.swift */,
				FA5C8FC427FF8ED10074BC3A /* FirstPaperViewController.swift */,
				FA5C8FCA27FF906F0074BC3A /* SecondPaperListViewController.swift */,
				FA5C8FE227FF977F0074BC3A /* SecondPaperViewController.swift */,
				FABBEE4928076C4F005F0199 /* ResultViewController.swift */,
			);
			name = TableViewControllers;
			sourceTree = "<group>";
		};
		FA376E4727E7ECBE005C5C97 /* Helpers */ = {
			isa = PBXGroup;
			children = (
				FA5C8FD827FF94FD0074BC3A /* MergeFiles.swift */,
			);
			name = Helpers;
			sourceTree = "<group>";
		};
		FA376E4B27E7EDE7005C5C97 /* Storyboards */ = {
			isa = PBXGroup;
			children = (
				FA12C76E27E4F6CF00798941 /* Main.storyboard */,
				C316B1302808199E001EB344 /* ProfileViewController.xib */,
				C3506C802808A0B600691BC4 /* ChangePasswordViewController.xib */,
				E8D2A883280A40AD00B60D31 /* GrouppageViewController.xib */,
				E8D2A887280A412B00B60D31 /* JoingroupViewController.xib */,
				E8D2A88B280A414100B60D31 /* PersonalpageViewController.xib */,
				E8D2A88F280A43D100B60D31 /* TemplateViewController.xib */,
				E8D2A893280A43E500B60D31 /* TemplateinfoViewController.xib */,
			);
			name = Storyboards;
			sourceTree = "<group>";
		};
/* End PBXGroup section */

/* Begin PBXNativeTarget section */
		FA12C76427E4F6CF00798941 /* CapstoneProject */ = {
			isa = PBXNativeTarget;
			buildConfigurationList = FA12C77927E4F6CF00798941 /* Build configuration list for PBXNativeTarget "CapstoneProject" */;
			buildPhases = (
				FA12C76127E4F6CF00798941 /* Sources */,
				FA12C76227E4F6CF00798941 /* Frameworks */,
				FA12C76327E4F6CF00798941 /* Resources */,
			);
			buildRules = (
			);
			dependencies = (
			);
			name = CapstoneProject;
			packageProductDependencies = (
				E8D2A897280A4E8100B60D31 /* FirebaseAnalytics */,
				E8D2A899280A4E8100B60D31 /* FirebaseAnalyticsSwift-Beta */,
				E8D2A89B280A4E8100B60D31 /* FirebaseAnalyticsWithoutAdIdSupport */,
				E8D2A89D280A4E8100B60D31 /* FirebaseAuth */,
				E8D2A89F280A4E8100B60D31 /* FirebaseDatabase */,
				E8D2A8A1280A4E8100B60D31 /* FirebaseDatabaseSwift-Beta */,
				E8D2A8A3280A4E8100B60D31 /* FirebaseDynamicLinks */,
				E8D2A8A5280A4E8100B60D31 /* FirebaseFirestore */,
				E8D2A8A7280A4E8100B60D31 /* FirebaseFirestoreCombine-Community */,
				E8D2A8A9280A4E8100B60D31 /* FirebaseFirestoreSwift-Beta */,
				E8D2A8AB280A4E8100B60D31 /* FirebaseStorage */,
				E8D2A8AD280A4E8100B60D31 /* FirebaseStorageCombine-Community */,
				E8D2A8AF280A4E8100B60D31 /* FirebaseStorageSwift-Beta */,
			);
			productName = CapstoneProject;
			productReference = FA12C76527E4F6CF00798941 /* CapstoneProject.app */;
			productType = "com.apple.product-type.application";
		};
/* End PBXNativeTarget section */

/* Begin PBXProject section */
		FA12C75D27E4F6CF00798941 /* Project object */ = {
			isa = PBXProject;
			attributes = {
				BuildIndependentTargetsInParallel = 1;
				LastSwiftUpdateCheck = 1330;
				LastUpgradeCheck = 1330;
				TargetAttributes = {
					FA12C76427E4F6CF00798941 = {
						CreatedOnToolsVersion = 13.3;
					};
				};
			};
			buildConfigurationList = FA12C76027E4F6CF00798941 /* Build configuration list for PBXProject "CapstoneProject" */;
			compatibilityVersion = "Xcode 13.0";
			developmentRegion = en;
			hasScannedForEncodings = 0;
			knownRegions = (
				en,
				Base,
			);
			mainGroup = FA12C75C27E4F6CF00798941;
			packageReferences = (
				E8D2A896280A4E8000B60D31 /* XCRemoteSwiftPackageReference "firebase-ios-sdk" */,
			);
			productRefGroup = FA12C76627E4F6CF00798941 /* Products */;
			projectDirPath = "";
			projectRoot = "";
			targets = (
				FA12C76427E4F6CF00798941 /* CapstoneProject */,
			);
		};
/* End PBXProject section */

/* Begin PBXResourcesBuildPhase section */
		FA12C76327E4F6CF00798941 /* Resources */ = {
			isa = PBXResourcesBuildPhase;
			buildActionMask = 2147483647;
			files = (
				FA12C77527E4F6CF00798941 /* LaunchScreen.storyboard in Resources */,
				E8D2A895280A43E500B60D31 /* TemplateinfoViewController.xib in Resources */,
				FA12C77227E4F6CF00798941 /* Assets.xcassets in Resources */,
				FA5C8FCD27FF906F0074BC3A /* SecondPaperListViewController.xib in Resources */,
				C3506C822808A0B600691BC4 /* ChangePasswordViewController.xib in Resources */,
				E8D2A889280A412B00B60D31 /* JoingroupViewController.xib in Resources */,
				E8D2A891280A43D100B60D31 /* TemplateViewController.xib in Resources */,
				FA5C8FC727FF8ED10074BC3A /* FirstPaperViewController.xib in Resources */,
				FA12C77027E4F6CF00798941 /* Main.storyboard in Resources */,
				E8D2A885280A40AD00B60D31 /* GrouppageViewController.xib in Resources */,
				FA5C8FD727FF924B0074BC3A /* SecondPaperListTableViewCell.xib in Resources */,
				FA5C8FE527FF977F0074BC3A /* SecondPaperViewController.xib in Resources */,
				FABBEE4C28076C4F005F0199 /* ResultViewController.xib in Resources */,
				C316B1322808199E001EB344 /* ProfileViewController.xib in Resources */,
				E8D2A88D280A414100B60D31 /* PersonalpageViewController.xib in Resources */,
				FA5C8FE927FF99730074BC3A /* RegisterViewController.xib in Resources */,
			);
			runOnlyForDeploymentPostprocessing = 0;
		};
/* End PBXResourcesBuildPhase section */

/* Begin PBXSourcesBuildPhase section */
		FA12C76127E4F6CF00798941 /* Sources */ = {
			isa = PBXSourcesBuildPhase;
			buildActionMask = 2147483647;
			files = (
				E8D2A894280A43E500B60D31 /* TemplateinfoViewController.swift in Sources */,
				E8D2A880280A400500B60D31 /* IntropageViewController.swift in Sources */,
				E8D2A884280A40AD00B60D31 /* GrouppageViewController.swift in Sources */,
				FA5C8FCF27FF91120074BC3A /* SecondPaperList.swift in Sources */,
				FA5C8FE827FF99730074BC3A /* RegisterViewController.swift in Sources */,
				FA12C76D27E4F6CF00798941 /* ViewController.swift in Sources */,
				FA12C76927E4F6CF00798941 /* AppDelegate.swift in Sources */,
				FA5C8FD627FF924B0074BC3A /* SecondPaperListTableViewCell.swift in Sources */,
				FA5C8FC627FF8ED10074BC3A /* FirstPaperViewController.swift in Sources */,
				E8D2A888280A412B00B60D31 /* JoingroupViewController.swift in Sources */,
				C316B12E280814C7001EB344 /* HomeTabsController.swift in Sources */,
				FA12C76B27E4F6CF00798941 /* SceneDelegate.swift in Sources */,
				FA5C8FE427FF977F0074BC3A /* SecondPaperViewController.swift in Sources */,
				FA5C8FD927FF94FD0074BC3A /* MergeFiles.swift in Sources */,
				C316B1312808199E001EB344 /* ProfileViewController.swift in Sources */,
				E8D2A890280A43D100B60D31 /* TemplateViewController.swift in Sources */,
				FA5C8FCC27FF906F0074BC3A /* SecondPaperListViewController.swift in Sources */,
				FABBEE4B28076C4F005F0199 /* ResultViewController.swift in Sources */,
				E8D2A88C280A414100B60D31 /* PersonalpageViewController.swift in Sources */,
				C3506C812808A0B600691BC4 /* ChangePasswordViewController.swift in Sources */,
			);
			runOnlyForDeploymentPostprocessing = 0;
		};
/* End PBXSourcesBuildPhase section */

/* Begin PBXVariantGroup section */
		FA12C76E27E4F6CF00798941 /* Main.storyboard */ = {
			isa = PBXVariantGroup;
			children = (
				FA12C76F27E4F6CF00798941 /* Base */,
			);
			name = Main.storyboard;
			sourceTree = "<group>";
		};
		FA12C77327E4F6CF00798941 /* LaunchScreen.storyboard */ = {
			isa = PBXVariantGroup;
			children = (
				FA12C77427E4F6CF00798941 /* Base */,
			);
			name = LaunchScreen.storyboard;
			sourceTree = "<group>";
		};
/* End PBXVariantGroup section */

/* Begin XCBuildConfiguration section */
		FA12C77727E4F6CF00798941 /* Debug */ = {
			isa = XCBuildConfiguration;
			buildSettings = {
				ALWAYS_SEARCH_USER_PATHS = NO;
				CLANG_ANALYZER_NONNULL = YES;
				CLANG_ANALYZER_NUMBER_OBJECT_CONVERSION = YES_AGGRESSIVE;
				CLANG_CXX_LANGUAGE_STANDARD = "gnu++17";
				CLANG_ENABLE_MODULES = YES;
				CLANG_ENABLE_OBJC_ARC = YES;
				CLANG_ENABLE_OBJC_WEAK = YES;
				CLANG_WARN_BLOCK_CAPTURE_AUTORELEASING = YES;
				CLANG_WARN_BOOL_CONVERSION = YES;
				CLANG_WARN_COMMA = YES;
				CLANG_WARN_CONSTANT_CONVERSION = YES;
				CLANG_WARN_DEPRECATED_OBJC_IMPLEMENTATIONS = YES;
				CLANG_WARN_DIRECT_OBJC_ISA_USAGE = YES_ERROR;
				CLANG_WARN_DOCUMENTATION_COMMENTS = YES;
				CLANG_WARN_EMPTY_BODY = YES;
				CLANG_WARN_ENUM_CONVERSION = YES;
				CLANG_WARN_INFINITE_RECURSION = YES;
				CLANG_WARN_INT_CONVERSION = YES;
				CLANG_WARN_NON_LITERAL_NULL_CONVERSION = YES;
				CLANG_WARN_OBJC_IMPLICIT_RETAIN_SELF = YES;
				CLANG_WARN_OBJC_LITERAL_CONVERSION = YES;
				CLANG_WARN_OBJC_ROOT_CLASS = YES_ERROR;
				CLANG_WARN_QUOTED_INCLUDE_IN_FRAMEWORK_HEADER = YES;
				CLANG_WARN_RANGE_LOOP_ANALYSIS = YES;
				CLANG_WARN_STRICT_PROTOTYPES = YES;
				CLANG_WARN_SUSPICIOUS_MOVE = YES;
				CLANG_WARN_UNGUARDED_AVAILABILITY = YES_AGGRESSIVE;
				CLANG_WARN_UNREACHABLE_CODE = YES;
				CLANG_WARN__DUPLICATE_METHOD_MATCH = YES;
				COPY_PHASE_STRIP = NO;
				DEBUG_INFORMATION_FORMAT = dwarf;
				ENABLE_STRICT_OBJC_MSGSEND = YES;
				ENABLE_TESTABILITY = YES;
				GCC_C_LANGUAGE_STANDARD = gnu11;
				GCC_DYNAMIC_NO_PIC = NO;
				GCC_NO_COMMON_BLOCKS = YES;
				GCC_OPTIMIZATION_LEVEL = 0;
				GCC_PREPROCESSOR_DEFINITIONS = (
					"DEBUG=1",
					"$(inherited)",
				);
				GCC_WARN_64_TO_32_BIT_CONVERSION = YES;
				GCC_WARN_ABOUT_RETURN_TYPE = YES_ERROR;
				GCC_WARN_UNDECLARED_SELECTOR = YES;
				GCC_WARN_UNINITIALIZED_AUTOS = YES_AGGRESSIVE;
				GCC_WARN_UNUSED_FUNCTION = YES;
				GCC_WARN_UNUSED_VARIABLE = YES;
				IPHONEOS_DEPLOYMENT_TARGET = 15.2;
				MTL_ENABLE_DEBUG_INFO = INCLUDE_SOURCE;
				MTL_FAST_MATH = YES;
				ONLY_ACTIVE_ARCH = YES;
				SDKROOT = iphoneos;
				SWIFT_ACTIVE_COMPILATION_CONDITIONS = DEBUG;
				SWIFT_OPTIMIZATION_LEVEL = "-Onone";
			};
			name = Debug;
		};
		FA12C77827E4F6CF00798941 /* Release */ = {
			isa = XCBuildConfiguration;
			buildSettings = {
				ALWAYS_SEARCH_USER_PATHS = NO;
				CLANG_ANALYZER_NONNULL = YES;
				CLANG_ANALYZER_NUMBER_OBJECT_CONVERSION = YES_AGGRESSIVE;
				CLANG_CXX_LANGUAGE_STANDARD = "gnu++17";
				CLANG_ENABLE_MODULES = YES;
				CLANG_ENABLE_OBJC_ARC = YES;
				CLANG_ENABLE_OBJC_WEAK = YES;
				CLANG_WARN_BLOCK_CAPTURE_AUTORELEASING = YES;
				CLANG_WARN_BOOL_CONVERSION = YES;
				CLANG_WARN_COMMA = YES;
				CLANG_WARN_CONSTANT_CONVERSION = YES;
				CLANG_WARN_DEPRECATED_OBJC_IMPLEMENTATIONS = YES;
				CLANG_WARN_DIRECT_OBJC_ISA_USAGE = YES_ERROR;
				CLANG_WARN_DOCUMENTATION_COMMENTS = YES;
				CLANG_WARN_EMPTY_BODY = YES;
				CLANG_WARN_ENUM_CONVERSION = YES;
				CLANG_WARN_INFINITE_RECURSION = YES;
				CLANG_WARN_INT_CONVERSION = YES;
				CLANG_WARN_NON_LITERAL_NULL_CONVERSION = YES;
				CLANG_WARN_OBJC_IMPLICIT_RETAIN_SELF = YES;
				CLANG_WARN_OBJC_LITERAL_CONVERSION = YES;
				CLANG_WARN_OBJC_ROOT_CLASS = YES_ERROR;
				CLANG_WARN_QUOTED_INCLUDE_IN_FRAMEWORK_HEADER = YES;
				CLANG_WARN_RANGE_LOOP_ANALYSIS = YES;
				CLANG_WARN_STRICT_PROTOTYPES = YES;
				CLANG_WARN_SUSPICIOUS_MOVE = YES;
				CLANG_WARN_UNGUARDED_AVAILABILITY = YES_AGGRESSIVE;
				CLANG_WARN_UNREACHABLE_CODE = YES;
				CLANG_WARN__DUPLICATE_METHOD_MATCH = YES;
				COPY_PHASE_STRIP = NO;
				DEBUG_INFORMATION_FORMAT = "dwarf-with-dsym";
				ENABLE_NS_ASSERTIONS = NO;
				ENABLE_STRICT_OBJC_MSGSEND = YES;
				GCC_C_LANGUAGE_STANDARD = gnu11;
				GCC_NO_COMMON_BLOCKS = YES;
				GCC_WARN_64_TO_32_BIT_CONVERSION = YES;
				GCC_WARN_ABOUT_RETURN_TYPE = YES_ERROR;
				GCC_WARN_UNDECLARED_SELECTOR = YES;
				GCC_WARN_UNINITIALIZED_AUTOS = YES_AGGRESSIVE;
				GCC_WARN_UNUSED_FUNCTION = YES;
				GCC_WARN_UNUSED_VARIABLE = YES;
				IPHONEOS_DEPLOYMENT_TARGET = 15.2;
				MTL_ENABLE_DEBUG_INFO = NO;
				MTL_FAST_MATH = YES;
				SDKROOT = iphoneos;
				SWIFT_COMPILATION_MODE = wholemodule;
				SWIFT_OPTIMIZATION_LEVEL = "-O";
				VALIDATE_PRODUCT = YES;
			};
			name = Release;
		};
		FA12C77A27E4F6CF00798941 /* Debug */ = {
			isa = XCBuildConfiguration;
			buildSettings = {
				ASSETCATALOG_COMPILER_APPICON_NAME = AppIcon;
				ASSETCATALOG_COMPILER_GLOBAL_ACCENT_COLOR_NAME = AccentColor;
				CODE_SIGN_STYLE = Automatic;
				CURRENT_PROJECT_VERSION = 1;
				DEVELOPMENT_TEAM = 4HSJ7Q73Q9;
				GENERATE_INFOPLIST_FILE = YES;
				INFOPLIST_FILE = CapstoneProject/Info.plist;
				INFOPLIST_KEY_UIApplicationSupportsIndirectInputEvents = YES;
				INFOPLIST_KEY_UILaunchStoryboardName = LaunchScreen;
				INFOPLIST_KEY_UIMainStoryboardFile = Main;
				INFOPLIST_KEY_UISupportedInterfaceOrientations_iPad = "UIInterfaceOrientationPortrait UIInterfaceOrientationPortraitUpsideDown UIInterfaceOrientationLandscapeLeft UIInterfaceOrientationLandscapeRight";
				INFOPLIST_KEY_UISupportedInterfaceOrientations_iPhone = "UIInterfaceOrientationPortrait UIInterfaceOrientationLandscapeLeft UIInterfaceOrientationLandscapeRight";
				IPHONEOS_DEPLOYMENT_TARGET = 15.2;
				LD_RUNPATH_SEARCH_PATHS = (
					"$(inherited)",
					"@executable_path/Frameworks",
				);
				MARKETING_VERSION = 1.0;
				PRODUCT_BUNDLE_IDENTIFIER = com.Zhibin.CapstoneProject;
				PRODUCT_NAME = "$(TARGET_NAME)";
				SWIFT_EMIT_LOC_STRINGS = YES;
				SWIFT_VERSION = 5.0;
				TARGETED_DEVICE_FAMILY = "1,2";
			};
			name = Debug;
		};
		FA12C77B27E4F6CF00798941 /* Release */ = {
			isa = XCBuildConfiguration;
			buildSettings = {
				ASSETCATALOG_COMPILER_APPICON_NAME = AppIcon;
				ASSETCATALOG_COMPILER_GLOBAL_ACCENT_COLOR_NAME = AccentColor;
				CODE_SIGN_STYLE = Automatic;
				CURRENT_PROJECT_VERSION = 1;
				DEVELOPMENT_TEAM = 4HSJ7Q73Q9;
				GENERATE_INFOPLIST_FILE = YES;
				INFOPLIST_FILE = CapstoneProject/Info.plist;
				INFOPLIST_KEY_UIApplicationSupportsIndirectInputEvents = YES;
				INFOPLIST_KEY_UILaunchStoryboardName = LaunchScreen;
				INFOPLIST_KEY_UIMainStoryboardFile = Main;
				INFOPLIST_KEY_UISupportedInterfaceOrientations_iPad = "UIInterfaceOrientationPortrait UIInterfaceOrientationPortraitUpsideDown UIInterfaceOrientationLandscapeLeft UIInterfaceOrientationLandscapeRight";
				INFOPLIST_KEY_UISupportedInterfaceOrientations_iPhone = "UIInterfaceOrientationPortrait UIInterfaceOrientationLandscapeLeft UIInterfaceOrientationLandscapeRight";
				IPHONEOS_DEPLOYMENT_TARGET = 15.2;
				LD_RUNPATH_SEARCH_PATHS = (
					"$(inherited)",
					"@executable_path/Frameworks",
				);
				MARKETING_VERSION = 1.0;
				PRODUCT_BUNDLE_IDENTIFIER = com.Zhibin.CapstoneProject;
				PRODUCT_NAME = "$(TARGET_NAME)";
				SWIFT_EMIT_LOC_STRINGS = YES;
				SWIFT_VERSION = 5.0;
				TARGETED_DEVICE_FAMILY = "1,2";
			};
			name = Release;
		};
/* End XCBuildConfiguration section */

/* Begin XCConfigurationList section */
		FA12C76027E4F6CF00798941 /* Build configuration list for PBXProject "CapstoneProject" */ = {
			isa = XCConfigurationList;
			buildConfigurations = (
				FA12C77727E4F6CF00798941 /* Debug */,
				FA12C77827E4F6CF00798941 /* Release */,
			);
			defaultConfigurationIsVisible = 0;
			defaultConfigurationName = Release;
		};
		FA12C77927E4F6CF00798941 /* Build configuration list for PBXNativeTarget "CapstoneProject" */ = {
			isa = XCConfigurationList;
			buildConfigurations = (
				FA12C77A27E4F6CF00798941 /* Debug */,
				FA12C77B27E4F6CF00798941 /* Release */,
			);
			defaultConfigurationIsVisible = 0;
			defaultConfigurationName = Release;
		};
/* End XCConfigurationList section */

/* Begin XCRemoteSwiftPackageReference section */
		E8D2A896280A4E8000B60D31 /* XCRemoteSwiftPackageReference "firebase-ios-sdk" */ = {
			isa = XCRemoteSwiftPackageReference;
			repositoryURL = "https://github.com/firebase/firebase-ios-sdk";
			requirement = {
				kind = upToNextMajorVersion;
				minimumVersion = 8.0.0;
			};
		};
/* End XCRemoteSwiftPackageReference section */

/* Begin XCSwiftPackageProductDependency section */
		E8D2A897280A4E8100B60D31 /* FirebaseAnalytics */ = {
			isa = XCSwiftPackageProductDependency;
			package = E8D2A896280A4E8000B60D31 /* XCRemoteSwiftPackageReference "firebase-ios-sdk" */;
			productName = FirebaseAnalytics;
		};
		E8D2A899280A4E8100B60D31 /* FirebaseAnalyticsSwift-Beta */ = {
			isa = XCSwiftPackageProductDependency;
			package = E8D2A896280A4E8000B60D31 /* XCRemoteSwiftPackageReference "firebase-ios-sdk" */;
			productName = "FirebaseAnalyticsSwift-Beta";
		};
		E8D2A89B280A4E8100B60D31 /* FirebaseAnalyticsWithoutAdIdSupport */ = {
			isa = XCSwiftPackageProductDependency;
			package = E8D2A896280A4E8000B60D31 /* XCRemoteSwiftPackageReference "firebase-ios-sdk" */;
			productName = FirebaseAnalyticsWithoutAdIdSupport;
		};
		E8D2A89D280A4E8100B60D31 /* FirebaseAuth */ = {
			isa = XCSwiftPackageProductDependency;
			package = E8D2A896280A4E8000B60D31 /* XCRemoteSwiftPackageReference "firebase-ios-sdk" */;
			productName = FirebaseAuth;
		};
		E8D2A89F280A4E8100B60D31 /* FirebaseDatabase */ = {
			isa = XCSwiftPackageProductDependency;
			package = E8D2A896280A4E8000B60D31 /* XCRemoteSwiftPackageReference "firebase-ios-sdk" */;
			productName = FirebaseDatabase;
		};
		E8D2A8A1280A4E8100B60D31 /* FirebaseDatabaseSwift-Beta */ = {
			isa = XCSwiftPackageProductDependency;
			package = E8D2A896280A4E8000B60D31 /* XCRemoteSwiftPackageReference "firebase-ios-sdk" */;
			productName = "FirebaseDatabaseSwift-Beta";
		};
		E8D2A8A3280A4E8100B60D31 /* FirebaseDynamicLinks */ = {
			isa = XCSwiftPackageProductDependency;
			package = E8D2A896280A4E8000B60D31 /* XCRemoteSwiftPackageReference "firebase-ios-sdk" */;
			productName = FirebaseDynamicLinks;
		};
		E8D2A8A5280A4E8100B60D31 /* FirebaseFirestore */ = {
			isa = XCSwiftPackageProductDependency;
			package = E8D2A896280A4E8000B60D31 /* XCRemoteSwiftPackageReference "firebase-ios-sdk" */;
			productName = FirebaseFirestore;
		};
		E8D2A8A7280A4E8100B60D31 /* FirebaseFirestoreCombine-Community */ = {
			isa = XCSwiftPackageProductDependency;
			package = E8D2A896280A4E8000B60D31 /* XCRemoteSwiftPackageReference "firebase-ios-sdk" */;
			productName = "FirebaseFirestoreCombine-Community";
		};
		E8D2A8A9280A4E8100B60D31 /* FirebaseFirestoreSwift-Beta */ = {
			isa = XCSwiftPackageProductDependency;
			package = E8D2A896280A4E8000B60D31 /* XCRemoteSwiftPackageReference "firebase-ios-sdk" */;
			productName = "FirebaseFirestoreSwift-Beta";
		};
		E8D2A8AB280A4E8100B60D31 /* FirebaseStorage */ = {
			isa = XCSwiftPackageProductDependency;
			package = E8D2A896280A4E8000B60D31 /* XCRemoteSwiftPackageReference "firebase-ios-sdk" */;
			productName = FirebaseStorage;
		};
		E8D2A8AD280A4E8100B60D31 /* FirebaseStorageCombine-Community */ = {
			isa = XCSwiftPackageProductDependency;
			package = E8D2A896280A4E8000B60D31 /* XCRemoteSwiftPackageReference "firebase-ios-sdk" */;
			productName = "FirebaseStorageCombine-Community";
		};
		E8D2A8AF280A4E8100B60D31 /* FirebaseStorageSwift-Beta */ = {
			isa = XCSwiftPackageProductDependency;
			package = E8D2A896280A4E8000B60D31 /* XCRemoteSwiftPackageReference "firebase-ios-sdk" */;
			productName = "FirebaseStorageSwift-Beta";
		};
/* End XCSwiftPackageProductDependency section */
	};
	rootObject = FA12C75D27E4F6CF00798941 /* Project object */;
}
